// !$*UTF8*$!
{
	archiveVersion = 1;
	classes = {
	};
	objectVersion = 55;
	objects = {

/* Begin PBXBuildFile section */
		6593007701559377A4446300 /* Pods_ParstagramTests.framework in Frameworks */ = {isa = PBXBuildFile; fileRef = C5768EA61A44FA553B9D8F02 /* Pods_ParstagramTests.framework */; };
		7D93C12D2D8D8787B9CAF001 /* Pods_Parstagram.framework in Frameworks */ = {isa = PBXBuildFile; fileRef = A367A83A069C4026517F31B5 /* Pods_Parstagram.framework */; };
		EC28D8595C3B9E54B82CF422 /* Pods_Parstagram_ParstagramUITests.framework in Frameworks */ = {isa = PBXBuildFile; fileRef = 9F45CA12E61B28673B8B8679 /* Pods_Parstagram_ParstagramUITests.framework */; };
		F1460BBF27FAA61100D689CD /* CommentTableViewCell.swift in Sources */ = {isa = PBXBuildFile; fileRef = F1460BBE27FAA61100D689CD /* CommentTableViewCell.swift */; };
		F15D2DD427EEA4F6008D4D53 /* AppDelegate.swift in Sources */ = {isa = PBXBuildFile; fileRef = F15D2DD327EEA4F6008D4D53 /* AppDelegate.swift */; };
		F15D2DD627EEA4F6008D4D53 /* SceneDelegate.swift in Sources */ = {isa = PBXBuildFile; fileRef = F15D2DD527EEA4F6008D4D53 /* SceneDelegate.swift */; };
		F15D2DDB27EEA4F6008D4D53 /* Main.storyboard in Resources */ = {isa = PBXBuildFile; fileRef = F15D2DD927EEA4F6008D4D53 /* Main.storyboard */; };
		F15D2DDD27EEA4FD008D4D53 /* Assets.xcassets in Resources */ = {isa = PBXBuildFile; fileRef = F15D2DDC27EEA4FD008D4D53 /* Assets.xcassets */; };
		F15D2DE027EEA4FD008D4D53 /* LaunchScreen.storyboard in Resources */ = {isa = PBXBuildFile; fileRef = F15D2DDE27EEA4FD008D4D53 /* LaunchScreen.storyboard */; };
		F15D2DEB27EEA4FD008D4D53 /* ParstagramTests.swift in Sources */ = {isa = PBXBuildFile; fileRef = F15D2DEA27EEA4FD008D4D53 /* ParstagramTests.swift */; };
		F15D2DF527EEA4FD008D4D53 /* ParstagramUITests.swift in Sources */ = {isa = PBXBuildFile; fileRef = F15D2DF427EEA4FD008D4D53 /* ParstagramUITests.swift */; };
		F15D2DF727EEA4FD008D4D53 /* ParstagramUITestsLaunchTests.swift in Sources */ = {isa = PBXBuildFile; fileRef = F15D2DF627EEA4FD008D4D53 /* ParstagramUITestsLaunchTests.swift */; };
		F15D2E0427EEAE95008D4D53 /* LoginViewController.swift in Sources */ = {isa = PBXBuildFile; fileRef = F15D2E0327EEAE95008D4D53 /* LoginViewController.swift */; };
		F15D2E0627EEAEA2008D4D53 /* FeedViewController.swift in Sources */ = {isa = PBXBuildFile; fileRef = F15D2E0527EEAEA2008D4D53 /* FeedViewController.swift */; };
		F15D2E0827EEC092008D4D53 /* CameraViewController.swift in Sources */ = {isa = PBXBuildFile; fileRef = F15D2E0727EEC092008D4D53 /* CameraViewController.swift */; };
		F15D2E0A27EED819008D4D53 /* PostsTableViewCell.swift in Sources */ = {isa = PBXBuildFile; fileRef = F15D2E0927EED819008D4D53 /* PostsTableViewCell.swift */; };
/* End PBXBuildFile section */

/* Begin PBXContainerItemProxy section */
		F15D2DE727EEA4FD008D4D53 /* PBXContainerItemProxy */ = {
			isa = PBXContainerItemProxy;
			containerPortal = F15D2DC827EEA4F6008D4D53 /* Project object */;
			proxyType = 1;
			remoteGlobalIDString = F15D2DCF27EEA4F6008D4D53;
			remoteInfo = Parstagram;
		};
		F15D2DF127EEA4FD008D4D53 /* PBXContainerItemProxy */ = {
			isa = PBXContainerItemProxy;
			containerPortal = F15D2DC827EEA4F6008D4D53 /* Project object */;
			proxyType = 1;
			remoteGlobalIDString = F15D2DCF27EEA4F6008D4D53;
			remoteInfo = Parstagram;
		};
/* End PBXContainerItemProxy section */

/* Begin PBXFileReference section */
		416C05394D4C1F1EE289F9AA /* Pods-Parstagram-ParstagramUITests.release.xcconfig */ = {isa = PBXFileReference; includeInIndex = 1; lastKnownFileType = text.xcconfig; name = "Pods-Parstagram-ParstagramUITests.release.xcconfig"; path = "Target Support Files/Pods-Parstagram-ParstagramUITests/Pods-Parstagram-ParstagramUITests.release.xcconfig"; sourceTree = "<group>"; };
		4F094F4393A3623911902C36 /* Pods-ParstagramTests.debug.xcconfig */ = {isa = PBXFileReference; includeInIndex = 1; lastKnownFileType = text.xcconfig; name = "Pods-ParstagramTests.debug.xcconfig"; path = "Target Support Files/Pods-ParstagramTests/Pods-ParstagramTests.debug.xcconfig"; sourceTree = "<group>"; };
		569CF16BD3F1AB93583CF122 /* Pods-ParstagramTests.release.xcconfig */ = {isa = PBXFileReference; includeInIndex = 1; lastKnownFileType = text.xcconfig; name = "Pods-ParstagramTests.release.xcconfig"; path = "Target Support Files/Pods-ParstagramTests/Pods-ParstagramTests.release.xcconfig"; sourceTree = "<group>"; };
		9F45CA12E61B28673B8B8679 /* Pods_Parstagram_ParstagramUITests.framework */ = {isa = PBXFileReference; explicitFileType = wrapper.framework; includeInIndex = 0; path = Pods_Parstagram_ParstagramUITests.framework; sourceTree = BUILT_PRODUCTS_DIR; };
		9FA1FEC6898882D3782177D8 /* Pods-Parstagram.release.xcconfig */ = {isa = PBXFileReference; includeInIndex = 1; lastKnownFileType = text.xcconfig; name = "Pods-Parstagram.release.xcconfig"; path = "Target Support Files/Pods-Parstagram/Pods-Parstagram.release.xcconfig"; sourceTree = "<group>"; };
		A367A83A069C4026517F31B5 /* Pods_Parstagram.framework */ = {isa = PBXFileReference; explicitFileType = wrapper.framework; includeInIndex = 0; path = Pods_Parstagram.framework; sourceTree = BUILT_PRODUCTS_DIR; };
		B146B990310C5B6082C32700 /* Pods-Parstagram.debug.xcconfig */ = {isa = PBXFileReference; includeInIndex = 1; lastKnownFileType = text.xcconfig; name = "Pods-Parstagram.debug.xcconfig"; path = "Target Support Files/Pods-Parstagram/Pods-Parstagram.debug.xcconfig"; sourceTree = "<group>"; };
		C5768EA61A44FA553B9D8F02 /* Pods_ParstagramTests.framework */ = {isa = PBXFileReference; explicitFileType = wrapper.framework; includeInIndex = 0; path = Pods_ParstagramTests.framework; sourceTree = BUILT_PRODUCTS_DIR; };
		F1460BBE27FAA61100D689CD /* CommentTableViewCell.swift */ = {isa = PBXFileReference; lastKnownFileType = sourcecode.swift; path = CommentTableViewCell.swift; sourceTree = "<group>"; };
		F15D2DD027EEA4F6008D4D53 /* Parstagram.app */ = {isa = PBXFileReference; explicitFileType = wrapper.application; includeInIndex = 0; path = Parstagram.app; sourceTree = BUILT_PRODUCTS_DIR; };
		F15D2DD327EEA4F6008D4D53 /* AppDelegate.swift */ = {isa = PBXFileReference; lastKnownFileType = sourcecode.swift; path = AppDelegate.swift; sourceTree = "<group>"; };
		F15D2DD527EEA4F6008D4D53 /* SceneDelegate.swift */ = {isa = PBXFileReference; lastKnownFileType = sourcecode.swift; path = SceneDelegate.swift; sourceTree = "<group>"; };
		F15D2DDA27EEA4F6008D4D53 /* Base */ = {isa = PBXFileReference; lastKnownFileType = file.storyboard; name = Base; path = Base.lproj/Main.storyboard; sourceTree = "<group>"; };
		F15D2DDC27EEA4FD008D4D53 /* Assets.xcassets */ = {isa = PBXFileReference; lastKnownFileType = folder.assetcatalog; path = Assets.xcassets; sourceTree = "<group>"; };
		F15D2DDF27EEA4FD008D4D53 /* Base */ = {isa = PBXFileReference; lastKnownFileType = file.storyboard; name = Base; path = Base.lproj/LaunchScreen.storyboard; sourceTree = "<group>"; };
		F15D2DE127EEA4FD008D4D53 /* Info.plist */ = {isa = PBXFileReference; lastKnownFileType = text.plist.xml; path = Info.plist; sourceTree = "<group>"; };
		F15D2DE627EEA4FD008D4D53 /* ParstagramTests.xctest */ = {isa = PBXFileReference; explicitFileType = wrapper.cfbundle; includeInIndex = 0; path = ParstagramTests.xctest; sourceTree = BUILT_PRODUCTS_DIR; };
		F15D2DEA27EEA4FD008D4D53 /* ParstagramTests.swift */ = {isa = PBXFileReference; lastKnownFileType = sourcecode.swift; path = ParstagramTests.swift; sourceTree = "<group>"; };
		F15D2DF027EEA4FD008D4D53 /* ParstagramUITests.xctest */ = {isa = PBXFileReference; explicitFileType = wrapper.cfbundle; includeInIndex = 0; path = ParstagramUITests.xctest; sourceTree = BUILT_PRODUCTS_DIR; };
		F15D2DF427EEA4FD008D4D53 /* ParstagramUITests.swift */ = {isa = PBXFileReference; lastKnownFileType = sourcecode.swift; path = ParstagramUITests.swift; sourceTree = "<group>"; };
		F15D2DF627EEA4FD008D4D53 /* ParstagramUITestsLaunchTests.swift */ = {isa = PBXFileReference; lastKnownFileType = sourcecode.swift; path = ParstagramUITestsLaunchTests.swift; sourceTree = "<group>"; };
		F15D2E0327EEAE95008D4D53 /* LoginViewController.swift */ = {isa = PBXFileReference; lastKnownFileType = sourcecode.swift; path = LoginViewController.swift; sourceTree = "<group>"; };
		F15D2E0527EEAEA2008D4D53 /* FeedViewController.swift */ = {isa = PBXFileReference; lastKnownFileType = sourcecode.swift; path = FeedViewController.swift; sourceTree = "<group>"; };
		F15D2E0727EEC092008D4D53 /* CameraViewController.swift */ = {isa = PBXFileReference; lastKnownFileType = sourcecode.swift; path = CameraViewController.swift; sourceTree = "<group>"; };
		F15D2E0927EED819008D4D53 /* PostsTableViewCell.swift */ = {isa = PBXFileReference; lastKnownFileType = sourcecode.swift; path = PostsTableViewCell.swift; sourceTree = "<group>"; };
		F538C109C576395191FDE065 /* Pods-Parstagram-ParstagramUITests.debug.xcconfig */ = {isa = PBXFileReference; includeInIndex = 1; lastKnownFileType = text.xcconfig; name = "Pods-Parstagram-ParstagramUITests.debug.xcconfig"; path = "Target Support Files/Pods-Parstagram-ParstagramUITests/Pods-Parstagram-ParstagramUITests.debug.xcconfig"; sourceTree = "<group>"; };
/* End PBXFileReference section */

/* Begin PBXFrameworksBuildPhase section */
		F15D2DCD27EEA4F6008D4D53 /* Frameworks */ = {
			isa = PBXFrameworksBuildPhase;
			buildActionMask = 2147483647;
			files = (
				7D93C12D2D8D8787B9CAF001 /* Pods_Parstagram.framework in Frameworks */,
			);
			runOnlyForDeploymentPostprocessing = 0;
		};
		F15D2DE327EEA4FD008D4D53 /* Frameworks */ = {
			isa = PBXFrameworksBuildPhase;
			buildActionMask = 2147483647;
			files = (
				6593007701559377A4446300 /* Pods_ParstagramTests.framework in Frameworks */,
			);
			runOnlyForDeploymentPostprocessing = 0;
		};
		F15D2DED27EEA4FD008D4D53 /* Frameworks */ = {
			isa = PBXFrameworksBuildPhase;
			buildActionMask = 2147483647;
			files = (
				EC28D8595C3B9E54B82CF422 /* Pods_Parstagram_ParstagramUITests.framework in Frameworks */,
			);
			runOnlyForDeploymentPostprocessing = 0;
		};
/* End PBXFrameworksBuildPhase section */

/* Begin PBXGroup section */
		4C4496B410F0779637D4D5F4 /* Frameworks */ = {
			isa = PBXGroup;
			children = (
				A367A83A069C4026517F31B5 /* Pods_Parstagram.framework */,
				9F45CA12E61B28673B8B8679 /* Pods_Parstagram_ParstagramUITests.framework */,
				C5768EA61A44FA553B9D8F02 /* Pods_ParstagramTests.framework */,
			);
			name = Frameworks;
			sourceTree = "<group>";
		};
		7285E27D87DADC45BEA5B1F2 /* Pods */ = {
			isa = PBXGroup;
			children = (
				B146B990310C5B6082C32700 /* Pods-Parstagram.debug.xcconfig */,
				9FA1FEC6898882D3782177D8 /* Pods-Parstagram.release.xcconfig */,
				F538C109C576395191FDE065 /* Pods-Parstagram-ParstagramUITests.debug.xcconfig */,
				416C05394D4C1F1EE289F9AA /* Pods-Parstagram-ParstagramUITests.release.xcconfig */,
				4F094F4393A3623911902C36 /* Pods-ParstagramTests.debug.xcconfig */,
				569CF16BD3F1AB93583CF122 /* Pods-ParstagramTests.release.xcconfig */,
			);
			path = Pods;
			sourceTree = "<group>";
		};
		F15D2DC727EEA4F6008D4D53 = {
			isa = PBXGroup;
			children = (
				F15D2DD227EEA4F6008D4D53 /* Parstagram */,
				F15D2DE927EEA4FD008D4D53 /* ParstagramTests */,
				F15D2DF327EEA4FD008D4D53 /* ParstagramUITests */,
				F15D2DD127EEA4F6008D4D53 /* Products */,
				7285E27D87DADC45BEA5B1F2 /* Pods */,
				4C4496B410F0779637D4D5F4 /* Frameworks */,
			);
			sourceTree = "<group>";
		};
		F15D2DD127EEA4F6008D4D53 /* Products */ = {
			isa = PBXGroup;
			children = (
				F15D2DD027EEA4F6008D4D53 /* Parstagram.app */,
				F15D2DE627EEA4FD008D4D53 /* ParstagramTests.xctest */,
				F15D2DF027EEA4FD008D4D53 /* ParstagramUITests.xctest */,
			);
			name = Products;
			sourceTree = "<group>";
		};
		F15D2DD227EEA4F6008D4D53 /* Parstagram */ = {
			isa = PBXGroup;
			children = (
				F15D2DD327EEA4F6008D4D53 /* AppDelegate.swift */,
				F15D2DD527EEA4F6008D4D53 /* SceneDelegate.swift */,
				F15D2DD927EEA4F6008D4D53 /* Main.storyboard */,
				F15D2DDC27EEA4FD008D4D53 /* Assets.xcassets */,
				F15D2DDE27EEA4FD008D4D53 /* LaunchScreen.storyboard */,
				F15D2DE127EEA4FD008D4D53 /* Info.plist */,
				F15D2E0327EEAE95008D4D53 /* LoginViewController.swift */,
				F15D2E0527EEAEA2008D4D53 /* FeedViewController.swift */,
				F15D2E0727EEC092008D4D53 /* CameraViewController.swift */,
				F15D2E0927EED819008D4D53 /* PostsTableViewCell.swift */,
				F1460BBE27FAA61100D689CD /* CommentTableViewCell.swift */,
			);
			path = Parstagram;
			sourceTree = "<group>";
		};
		F15D2DE927EEA4FD008D4D53 /* ParstagramTests */ = {
			isa = PBXGroup;
			children = (
				F15D2DEA27EEA4FD008D4D53 /* ParstagramTests.swift */,
			);
			path = ParstagramTests;
			sourceTree = "<group>";
		};
		F15D2DF327EEA4FD008D4D53 /* ParstagramUITests */ = {
			isa = PBXGroup;
			children = (
				F15D2DF427EEA4FD008D4D53 /* ParstagramUITests.swift */,
				F15D2DF627EEA4FD008D4D53 /* ParstagramUITestsLaunchTests.swift */,
			);
			path = ParstagramUITests;
			sourceTree = "<group>";
		};
/* End PBXGroup section */

/* Begin PBXNativeTarget section */
		F15D2DCF27EEA4F6008D4D53 /* Parstagram */ = {
			isa = PBXNativeTarget;
			buildConfigurationList = F15D2DFA27EEA4FD008D4D53 /* Build configuration list for PBXNativeTarget "Parstagram" */;
			buildPhases = (
				24CB2E509DFB0C85BC689BBB /* [CP] Check Pods Manifest.lock */,
				F15D2DCC27EEA4F6008D4D53 /* Sources */,
				F15D2DCD27EEA4F6008D4D53 /* Frameworks */,
				F15D2DCE27EEA4F6008D4D53 /* Resources */,
				62F8711030ECB0BB7F8E0336 /* [CP] Embed Pods Frameworks */,
			);
			buildRules = (
			);
			dependencies = (
			);
			name = Parstagram;
			productName = Parstagram;
			productReference = F15D2DD027EEA4F6008D4D53 /* Parstagram.app */;
			productType = "com.apple.product-type.application";
		};
		F15D2DE527EEA4FD008D4D53 /* ParstagramTests */ = {
			isa = PBXNativeTarget;
			buildConfigurationList = F15D2DFD27EEA4FD008D4D53 /* Build configuration list for PBXNativeTarget "ParstagramTests" */;
			buildPhases = (
				BEC2AE6712805177002D1166 /* [CP] Check Pods Manifest.lock */,
				F15D2DE227EEA4FD008D4D53 /* Sources */,
				F15D2DE327EEA4FD008D4D53 /* Frameworks */,
				F15D2DE427EEA4FD008D4D53 /* Resources */,
			);
			buildRules = (
			);
			dependencies = (
				F15D2DE827EEA4FD008D4D53 /* PBXTargetDependency */,
			);
			name = ParstagramTests;
			productName = ParstagramTests;
			productReference = F15D2DE627EEA4FD008D4D53 /* ParstagramTests.xctest */;
			productType = "com.apple.product-type.bundle.unit-test";
		};
		F15D2DEF27EEA4FD008D4D53 /* ParstagramUITests */ = {
			isa = PBXNativeTarget;
			buildConfigurationList = F15D2E0027EEA4FD008D4D53 /* Build configuration list for PBXNativeTarget "ParstagramUITests" */;
			buildPhases = (
				1086E84A9DA95361A2F9FA22 /* [CP] Check Pods Manifest.lock */,
				F15D2DEC27EEA4FD008D4D53 /* Sources */,
				F15D2DED27EEA4FD008D4D53 /* Frameworks */,
				F15D2DEE27EEA4FD008D4D53 /* Resources */,
				F9907BAB17BCE4370E431F6B /* [CP] Embed Pods Frameworks */,
			);
			buildRules = (
			);
			dependencies = (
				F15D2DF227EEA4FD008D4D53 /* PBXTargetDependency */,
			);
			name = ParstagramUITests;
			productName = ParstagramUITests;
			productReference = F15D2DF027EEA4FD008D4D53 /* ParstagramUITests.xctest */;
			productType = "com.apple.product-type.bundle.ui-testing";
		};
/* End PBXNativeTarget section */

/* Begin PBXProject section */
		F15D2DC827EEA4F6008D4D53 /* Project object */ = {
			isa = PBXProject;
			attributes = {
				BuildIndependentTargetsInParallel = 1;
				LastSwiftUpdateCheck = 1330;
				LastUpgradeCheck = 1330;
				TargetAttributes = {
					F15D2DCF27EEA4F6008D4D53 = {
						CreatedOnToolsVersion = 13.3;
					};
					F15D2DE527EEA4FD008D4D53 = {
						CreatedOnToolsVersion = 13.3;
						TestTargetID = F15D2DCF27EEA4F6008D4D53;
					};
					F15D2DEF27EEA4FD008D4D53 = {
						CreatedOnToolsVersion = 13.3;
						TestTargetID = F15D2DCF27EEA4F6008D4D53;
					};
				};
			};
			buildConfigurationList = F15D2DCB27EEA4F6008D4D53 /* Build configuration list for PBXProject "Parstagram" */;
			compatibilityVersion = "Xcode 13.0";
			developmentRegion = en;
			hasScannedForEncodings = 0;
			knownRegions = (
				en,
				Base,
			);
			mainGroup = F15D2DC727EEA4F6008D4D53;
			productRefGroup = F15D2DD127EEA4F6008D4D53 /* Products */;
			projectDirPath = "";
			projectRoot = "";
			targets = (
				F15D2DCF27EEA4F6008D4D53 /* Parstagram */,
				F15D2DE527EEA4FD008D4D53 /* ParstagramTests */,
				F15D2DEF27EEA4FD008D4D53 /* ParstagramUITests */,
			);
		};
/* End PBXProject section */

/* Begin PBXResourcesBuildPhase section */
		F15D2DCE27EEA4F6008D4D53 /* Resources */ = {
			isa = PBXResourcesBuildPhase;
			buildActionMask = 2147483647;
			files = (
				F15D2DE027EEA4FD008D4D53 /* LaunchScreen.storyboard in Resources */,
				F15D2DDD27EEA4FD008D4D53 /* Assets.xcassets in Resources */,
				F15D2DDB27EEA4F6008D4D53 /* Main.storyboard in Resources */,
			);
			runOnlyForDeploymentPostprocessing = 0;
		};
		F15D2DE427EEA4FD008D4D53 /* Resources */ = {
			isa = PBXResourcesBuildPhase;
			buildActionMask = 2147483647;
			files = (
			);
			runOnlyForDeploymentPostprocessing = 0;
		};
		F15D2DEE27EEA4FD008D4D53 /* Resources */ = {
			isa = PBXResourcesBuildPhase;
			buildActionMask = 2147483647;
			files = (
			);
			runOnlyForDeploymentPostprocessing = 0;
		};
/* End PBXResourcesBuildPhase section */

/* Begin PBXShellScriptBuildPhase section */
		1086E84A9DA95361A2F9FA22 /* [CP] Check Pods Manifest.lock */ = {
			isa = PBXShellScriptBuildPhase;
			buildActionMask = 2147483647;
			files = (
			);
			inputFileListPaths = (
			);
			inputPaths = (
				"${PODS_PODFILE_DIR_PATH}/Podfile.lock",
				"${PODS_ROOT}/Manifest.lock",
			);
			name = "[CP] Check Pods Manifest.lock";
			outputFileListPaths = (
			);
			outputPaths = (
				"$(DERIVED_FILE_DIR)/Pods-Parstagram-ParstagramUITests-checkManifestLockResult.txt",
			);
			runOnlyForDeploymentPostprocessing = 0;
			shellPath = /bin/sh;
			shellScript = "diff \"${PODS_PODFILE_DIR_PATH}/Podfile.lock\" \"${PODS_ROOT}/Manifest.lock\" > /dev/null\nif [ $? != 0 ] ; then\n    # print error to STDERR\n    echo \"error: The sandbox is not in sync with the Podfile.lock. Run 'pod install' or update your CocoaPods installation.\" >&2\n    exit 1\nfi\n# This output is used by Xcode 'outputs' to avoid re-running this script phase.\necho \"SUCCESS\" > \"${SCRIPT_OUTPUT_FILE_0}\"\n";
			showEnvVarsInLog = 0;
		};
		24CB2E509DFB0C85BC689BBB /* [CP] Check Pods Manifest.lock */ = {
			isa = PBXShellScriptBuildPhase;
			buildActionMask = 2147483647;
			files = (
			);
			inputFileListPaths = (
			);
			inputPaths = (
				"${PODS_PODFILE_DIR_PATH}/Podfile.lock",
				"${PODS_ROOT}/Manifest.lock",
			);
			name = "[CP] Check Pods Manifest.lock";
			outputFileListPaths = (
			);
			outputPaths = (
				"$(DERIVED_FILE_DIR)/Pods-Parstagram-checkManifestLockResult.txt",
			);
			runOnlyForDeploymentPostprocessing = 0;
			shellPath = /bin/sh;
			shellScript = "diff \"${PODS_PODFILE_DIR_PATH}/Podfile.lock\" \"${PODS_ROOT}/Manifest.lock\" > /dev/null\nif [ $? != 0 ] ; then\n    # print error to STDERR\n    echo \"error: The sandbox is not in sync with the Podfile.lock. Run 'pod install' or update your CocoaPods installation.\" >&2\n    exit 1\nfi\n# This output is used by Xcode 'outputs' to avoid re-running this script phase.\necho \"SUCCESS\" > \"${SCRIPT_OUTPUT_FILE_0}\"\n";
			showEnvVarsInLog = 0;
		};
		62F8711030ECB0BB7F8E0336 /* [CP] Embed Pods Frameworks */ = {
			isa = PBXShellScriptBuildPhase;
			buildActionMask = 2147483647;
			files = (
			);
			inputFileListPaths = (
				"${PODS_ROOT}/Target Support Files/Pods-Parstagram/Pods-Parstagram-frameworks-${CONFIGURATION}-input-files.xcfilelist",
			);
			name = "[CP] Embed Pods Frameworks";
			outputFileListPaths = (
				"${PODS_ROOT}/Target Support Files/Pods-Parstagram/Pods-Parstagram-frameworks-${CONFIGURATION}-output-files.xcfilelist",
			);
			runOnlyForDeploymentPostprocessing = 0;
			shellPath = /bin/sh;
			shellScript = "\"${PODS_ROOT}/Target Support Files/Pods-Parstagram/Pods-Parstagram-frameworks.sh\"\n";
			showEnvVarsInLog = 0;
		};
		BEC2AE6712805177002D1166 /* [CP] Check Pods Manifest.lock */ = {
			isa = PBXShellScriptBuildPhase;
			buildActionMask = 2147483647;
			files = (
			);
			inputFileListPaths = (
			);
			inputPaths = (
				"${PODS_PODFILE_DIR_PATH}/Podfile.lock",
				"${PODS_ROOT}/Manifest.lock",
			);
			name = "[CP] Check Pods Manifest.lock";
			outputFileListPaths = (
			);
			outputPaths = (
				"$(DERIVED_FILE_DIR)/Pods-ParstagramTests-checkManifestLockResult.txt",
			);
			runOnlyForDeploymentPostprocessing = 0;
			shellPath = /bin/sh;
			shellScript = "diff \"${PODS_PODFILE_DIR_PATH}/Podfile.lock\" \"${PODS_ROOT}/Manifest.lock\" > /dev/null\nif [ $? != 0 ] ; then\n    # print error to STDERR\n    echo \"error: The sandbox is not in sync with the Podfile.lock. Run 'pod install' or update your CocoaPods installation.\" >&2\n    exit 1\nfi\n# This output is used by Xcode 'outputs' to avoid re-running this script phase.\necho \"SUCCESS\" > \"${SCRIPT_OUTPUT_FILE_0}\"\n";
			showEnvVarsInLog = 0;
		};
		F9907BAB17BCE4370E431F6B /* [CP] Embed Pods Frameworks */ = {
			isa = PBXShellScriptBuildPhase;
			buildActionMask = 2147483647;
			files = (
			);
			inputFileListPaths = (
				"${PODS_ROOT}/Target Support Files/Pods-Parstagram-ParstagramUITests/Pods-Parstagram-ParstagramUITests-frameworks-${CONFIGURATION}-input-files.xcfilelist",
			);
			name = "[CP] Embed Pods Frameworks";
			outputFileListPaths = (
				"${PODS_ROOT}/Target Support Files/Pods-Parstagram-ParstagramUITests/Pods-Parstagram-ParstagramUITests-frameworks-${CONFIGURATION}-output-files.xcfilelist",
			);
			runOnlyForDeploymentPostprocessing = 0;
			shellPath = /bin/sh;
			shellScript = "\"${PODS_ROOT}/Target Support Files/Pods-Parstagram-ParstagramUITests/Pods-Parstagram-ParstagramUITests-frameworks.sh\"\n";
			showEnvVarsInLog = 0;
		};
/* End PBXShellScriptBuildPhase section */

/* Begin PBXSourcesBuildPhase section */
		F15D2DCC27EEA4F6008D4D53 /* Sources */ = {
			isa = PBXSourcesBuildPhase;
			buildActionMask = 2147483647;
			files = (
				F15D2E0427EEAE95008D4D53 /* LoginViewController.swift in Sources */,
				F15D2E0827EEC092008D4D53 /* CameraViewController.swift in Sources */,
				F15D2DD427EEA4F6008D4D53 /* AppDelegate.swift in Sources */,
				F15D2E0A27EED819008D4D53 /* PostsTableViewCell.swift in Sources */,
				F1460BBF27FAA61100D689CD /* CommentTableViewCell.swift in Sources */,
				F15D2E0627EEAEA2008D4D53 /* FeedViewController.swift in Sources */,
				F15D2DD627EEA4F6008D4D53 /* SceneDelegate.swift in Sources */,
			);
			runOnlyForDeploymentPostprocessing = 0;
		};
		F15D2DE227EEA4FD008D4D53 /* Sources */ = {
			isa = PBXSourcesBuildPhase;
			buildActionMask = 2147483647;
			files = (
				F15D2DEB27EEA4FD008D4D53 /* ParstagramTests.swift in Sources */,
			);
			runOnlyForDeploymentPostprocessing = 0;
		};
		F15D2DEC27EEA4FD008D4D53 /* Sources */ = {
			isa = PBXSourcesBuildPhase;
			buildActionMask = 2147483647;
			files = (
				F15D2DF727EEA4FD008D4D53 /* ParstagramUITestsLaunchTests.swift in Sources */,
				F15D2DF527EEA4FD008D4D53 /* ParstagramUITests.swift in Sources */,
			);
			runOnlyForDeploymentPostprocessing = 0;
		};
/* End PBXSourcesBuildPhase section */

/* Begin PBXTargetDependency section */
		F15D2DE827EEA4FD008D4D53 /* PBXTargetDependency */ = {
			isa = PBXTargetDependency;
			target = F15D2DCF27EEA4F6008D4D53 /* Parstagram */;
			targetProxy = F15D2DE727EEA4FD008D4D53 /* PBXContainerItemProxy */;
		};
		F15D2DF227EEA4FD008D4D53 /* PBXTargetDependency */ = {
			isa = PBXTargetDependency;
			target = F15D2DCF27EEA4F6008D4D53 /* Parstagram */;
			targetProxy = F15D2DF127EEA4FD008D4D53 /* PBXContainerItemProxy */;
		};
/* End PBXTargetDependency section */

/* Begin PBXVariantGroup section */
		F15D2DD927EEA4F6008D4D53 /* Main.storyboard */ = {
			isa = PBXVariantGroup;
			children = (
				F15D2DDA27EEA4F6008D4D53 /* Base */,
			);
			name = Main.storyboard;
			sourceTree = "<group>";
		};
		F15D2DDE27EEA4FD008D4D53 /* LaunchScreen.storyboard */ = {
			isa = PBXVariantGroup;
			children = (
				F15D2DDF27EEA4FD008D4D53 /* Base */,
			);
			name = LaunchScreen.storyboard;
			sourceTree = "<group>";
		};
/* End PBXVariantGroup section */

/* Begin XCBuildConfiguration section */
		F15D2DF827EEA4FD008D4D53 /* Debug */ = {
			isa = XCBuildConfiguration;
			buildSettings = {
				ALWAYS_SEARCH_USER_PATHS = NO;
				CLANG_ANALYZER_NONNULL = YES;
				CLANG_ANALYZER_NUMBER_OBJECT_CONVERSION = YES_AGGRESSIVE;
				CLANG_CXX_LANGUAGE_STANDARD = "gnu++17";
				CLANG_ENABLE_MODULES = YES;
				CLANG_ENABLE_OBJC_ARC = YES;
				CLANG_ENABLE_OBJC_WEAK = YES;
				CLANG_WARN_BLOCK_CAPTURE_AUTORELEASING = YES;
				CLANG_WARN_BOOL_CONVERSION = YES;
				CLANG_WARN_COMMA = YES;
				CLANG_WARN_CONSTANT_CONVERSION = YES;
				CLANG_WARN_DEPRECATED_OBJC_IMPLEMENTATIONS = YES;
				CLANG_WARN_DIRECT_OBJC_ISA_USAGE = YES_ERROR;
				CLANG_WARN_DOCUMENTATION_COMMENTS = YES;
				CLANG_WARN_EMPTY_BODY = YES;
				CLANG_WARN_ENUM_CONVERSION = YES;
				CLANG_WARN_INFINITE_RECURSION = YES;
				CLANG_WARN_INT_CONVERSION = YES;
				CLANG_WARN_NON_LITERAL_NULL_CONVERSION = YES;
				CLANG_WARN_OBJC_IMPLICIT_RETAIN_SELF = YES;
				CLANG_WARN_OBJC_LITERAL_CONVERSION = YES;
				CLANG_WARN_OBJC_ROOT_CLASS = YES_ERROR;
				CLANG_WARN_QUOTED_INCLUDE_IN_FRAMEWORK_HEADER = YES;
				CLANG_WARN_RANGE_LOOP_ANALYSIS = YES;
				CLANG_WARN_STRICT_PROTOTYPES = YES;
				CLANG_WARN_SUSPICIOUS_MOVE = YES;
				CLANG_WARN_UNGUARDED_AVAILABILITY = YES_AGGRESSIVE;
				CLANG_WARN_UNREACHABLE_CODE = YES;
				CLANG_WARN__DUPLICATE_METHOD_MATCH = YES;
				COPY_PHASE_STRIP = NO;
				DEBUG_INFORMATION_FORMAT = dwarf;
				ENABLE_STRICT_OBJC_MSGSEND = YES;
				ENABLE_TESTABILITY = YES;
				GCC_C_LANGUAGE_STANDARD = gnu11;
				GCC_DYNAMIC_NO_PIC = NO;
				GCC_NO_COMMON_BLOCKS = YES;
				GCC_OPTIMIZATION_LEVEL = 0;
				GCC_PREPROCESSOR_DEFINITIONS = (
					"DEBUG=1",
					"$(inherited)",
				);
				GCC_WARN_64_TO_32_BIT_CONVERSION = YES;
				GCC_WARN_ABOUT_RETURN_TYPE = YES_ERROR;
				GCC_WARN_UNDECLARED_SELECTOR = YES;
				GCC_WARN_UNINITIALIZED_AUTOS = YES_AGGRESSIVE;
				GCC_WARN_UNUSED_FUNCTION = YES;
				GCC_WARN_UNUSED_VARIABLE = YES;
				IPHONEOS_DEPLOYMENT_TARGET = 15.4;
				MTL_ENABLE_DEBUG_INFO = INCLUDE_SOURCE;
				MTL_FAST_MATH = YES;
				ONLY_ACTIVE_ARCH = YES;
				SDKROOT = iphoneos;
				SWIFT_ACTIVE_COMPILATION_CONDITIONS = DEBUG;
				SWIFT_OPTIMIZATION_LEVEL = "-Onone";
			};
			name = Debug;
		};
		F15D2DF927EEA4FD008D4D53 /* Release */ = {
			isa = XCBuildConfiguration;
			buildSettings = {
				ALWAYS_SEARCH_USER_PATHS = NO;
				CLANG_ANALYZER_NONNULL = YES;
				CLANG_ANALYZER_NUMBER_OBJECT_CONVERSION = YES_AGGRESSIVE;
				CLANG_CXX_LANGUAGE_STANDARD = "gnu++17";
				CLANG_ENABLE_MODULES = YES;
				CLANG_ENABLE_OBJC_ARC = YES;
				CLANG_ENABLE_OBJC_WEAK = YES;
				CLANG_WARN_BLOCK_CAPTURE_AUTORELEASING = YES;
				CLANG_WARN_BOOL_CONVERSION = YES;
				CLANG_WARN_COMMA = YES;
				CLANG_WARN_CONSTANT_CONVERSION = YES;
				CLANG_WARN_DEPRECATED_OBJC_IMPLEMENTATIONS = YES;
				CLANG_WARN_DIRECT_OBJC_ISA_USAGE = YES_ERROR;
				CLANG_WARN_DOCUMENTATION_COMMENTS = YES;
				CLANG_WARN_EMPTY_BODY = YES;
				CLANG_WARN_ENUM_CONVERSION = YES;
				CLANG_WARN_INFINITE_RECURSION = YES;
				CLANG_WARN_INT_CONVERSION = YES;
				CLANG_WARN_NON_LITERAL_NULL_CONVERSION = YES;
				CLANG_WARN_OBJC_IMPLICIT_RETAIN_SELF = YES;
				CLANG_WARN_OBJC_LITERAL_CONVERSION = YES;
				CLANG_WARN_OBJC_ROOT_CLASS = YES_ERROR;
				CLANG_WARN_QUOTED_INCLUDE_IN_FRAMEWORK_HEADER = YES;
				CLANG_WARN_RANGE_LOOP_ANALYSIS = YES;
				CLANG_WARN_STRICT_PROTOTYPES = YES;
				CLANG_WARN_SUSPICIOUS_MOVE = YES;
				CLANG_WARN_UNGUARDED_AVAILABILITY = YES_AGGRESSIVE;
				CLANG_WARN_UNREACHABLE_CODE = YES;
				CLANG_WARN__DUPLICATE_METHOD_MATCH = YES;
				COPY_PHASE_STRIP = NO;
				DEBUG_INFORMATION_FORMAT = "dwarf-with-dsym";
				ENABLE_NS_ASSERTIONS = NO;
				ENABLE_STRICT_OBJC_MSGSEND = YES;
				GCC_C_LANGUAGE_STANDARD = gnu11;
				GCC_NO_COMMON_BLOCKS = YES;
				GCC_WARN_64_TO_32_BIT_CONVERSION = YES;
				GCC_WARN_ABOUT_RETURN_TYPE = YES_ERROR;
				GCC_WARN_UNDECLARED_SELECTOR = YES;
				GCC_WARN_UNINITIALIZED_AUTOS = YES_AGGRESSIVE;
				GCC_WARN_UNUSED_FUNCTION = YES;
				GCC_WARN_UNUSED_VARIABLE = YES;
				IPHONEOS_DEPLOYMENT_TARGET = 15.4;
				MTL_ENABLE_DEBUG_INFO = NO;
				MTL_FAST_MATH = YES;
				SDKROOT = iphoneos;
				SWIFT_COMPILATION_MODE = wholemodule;
				SWIFT_OPTIMIZATION_LEVEL = "-O";
				VALIDATE_PRODUCT = YES;
			};
			name = Release;
		};
		F15D2DFB27EEA4FD008D4D53 /* Debug */ = {
			isa = XCBuildConfiguration;
			baseConfigurationReference = B146B990310C5B6082C32700 /* Pods-Parstagram.debug.xcconfig */;
			buildSettings = {
				ASSETCATALOG_COMPILER_APPICON_NAME = AppIcon;
				ASSETCATALOG_COMPILER_GLOBAL_ACCENT_COLOR_NAME = AccentColor;
				CODE_SIGN_STYLE = Automatic;
				CURRENT_PROJECT_VERSION = 1;
				DEVELOPMENT_TEAM = BV64CLFXG5;
				GENERATE_INFOPLIST_FILE = YES;
				INFOPLIST_FILE = Parstagram/Info.plist;
				INFOPLIST_KEY_UIApplicationSupportsIndirectInputEvents = YES;
				INFOPLIST_KEY_UILaunchStoryboardName = LaunchScreen;
				INFOPLIST_KEY_UIMainStoryboardFile = Main;
				INFOPLIST_KEY_UISupportedInterfaceOrientations_iPad = "UIInterfaceOrientationPortrait UIInterfaceOrientationPortraitUpsideDown UIInterfaceOrientationLandscapeLeft UIInterfaceOrientationLandscapeRight";
				INFOPLIST_KEY_UISupportedInterfaceOrientations_iPhone = "UIInterfaceOrientationPortrait UIInterfaceOrientationLandscapeLeft UIInterfaceOrientationLandscapeRight";
				LD_RUNPATH_SEARCH_PATHS = (
					"$(inherited)",
					"@executable_path/Frameworks",
				);
				MARKETING_VERSION = 1.0;
				PRODUCT_BUNDLE_IDENTIFIER = com.isabel.Parstagram;
				PRODUCT_NAME = "$(TARGET_NAME)";
				SWIFT_EMIT_LOC_STRINGS = YES;
				SWIFT_VERSION = 5.0;
				TARGETED_DEVICE_FAMILY = "1,2";
			};
			name = Debug;
		};
		F15D2DFC27EEA4FD008D4D53 /* Release */ = {
			isa = XCBuildConfiguration;
			baseConfigurationReference = 9FA1FEC6898882D3782177D8 /* Pods-Parstagram.release.xcconfig */;
			buildSettings = {
				ASSETCATALOG_COMPILER_APPICON_NAME = AppIcon;
				ASSETCATALOG_COMPILER_GLOBAL_ACCENT_COLOR_NAME = AccentColor;
				CODE_SIGN_STYLE = Automatic;
				CURRENT_PROJECT_VERSION = 1;
				DEVELOPMENT_TEAM = BV64CLFXG5;
				GENERATE_INFOPLIST_FILE = YES;
				INFOPLIST_FILE = Parstagram/Info.plist;
				INFOPLIST_KEY_UIApplicationSupportsIndirectInputEvents = YES;
				INFOPLIST_KEY_UILaunchStoryboardName = LaunchScreen;
				INFOPLIST_KEY_UIMainStoryboardFile = Main;
				INFOPLIST_KEY_UISupportedInterfaceOrientations_iPad = "UIInterfaceOrientationPortrait UIInterfaceOrientationPortraitUpsideDown UIInterfaceOrientationLandscapeLeft UIInterfaceOrientationLandscapeRight";
				INFOPLIST_KEY_UISupportedInterfaceOrientations_iPhone = "UIInterfaceOrientationPortrait UIInterfaceOrientationLandscapeLeft UIInterfaceOrientationLandscapeRight";
				LD_RUNPATH_SEARCH_PATHS = (
					"$(inherited)",
					"@executable_path/Frameworks",
				);
				MARKETING_VERSION = 1.0;
				PRODUCT_BUNDLE_IDENTIFIER = com.isabel.Parstagram;
				PRODUCT_NAME = "$(TARGET_NAME)";
				SWIFT_EMIT_LOC_STRINGS = YES;
				SWIFT_VERSION = 5.0;
				TARGETED_DEVICE_FAMILY = "1,2";
			};
			name = Release;
		};
		F15D2DFE27EEA4FD008D4D53 /* Debug */ = {
			isa = XCBuildConfiguration;
			baseConfigurationReference = 4F094F4393A3623911902C36 /* Pods-ParstagramTests.debug.xcconfig */;
			buildSettings = {
				ALWAYS_EMBED_SWIFT_STANDARD_LIBRARIES = YES;
				BUNDLE_LOADER = "$(TEST_HOST)";
				CODE_SIGN_STYLE = Automatic;
				CURRENT_PROJECT_VERSION = 1;
				DEVELOPMENT_TEAM = BV64CLFXG5;
				GENERATE_INFOPLIST_FILE = YES;
				IPHONEOS_DEPLOYMENT_TARGET = 15.4;
				MARKETING_VERSION = 1.0;
				PRODUCT_BUNDLE_IDENTIFIER = com.isabel.ParstagramTests;
				PRODUCT_NAME = "$(TARGET_NAME)";
				SWIFT_EMIT_LOC_STRINGS = NO;
				SWIFT_VERSION = 5.0;
				TARGETED_DEVICE_FAMILY = "1,2";
				TEST_HOST = "$(BUILT_PRODUCTS_DIR)/Parstagram.app/Parstagram";
			};
			name = Debug;
		};
		F15D2DFF27EEA4FD008D4D53 /* Release */ = {
			isa = XCBuildConfiguration;
			baseConfigurationReference = 569CF16BD3F1AB93583CF122 /* Pods-ParstagramTests.release.xcconfig */;
			buildSettings = {
				ALWAYS_EMBED_SWIFT_STANDARD_LIBRARIES = YES;
				BUNDLE_LOADER = "$(TEST_HOST)";
				CODE_SIGN_STYLE = Automatic;
				CURRENT_PROJECT_VERSION = 1;
				DEVELOPMENT_TEAM = BV64CLFXG5;
				GENERATE_INFOPLIST_FILE = YES;
				IPHONEOS_DEPLOYMENT_TARGET = 15.4;
				MARKETING_VERSION = 1.0;
				PRODUCT_BUNDLE_IDENTIFIER = com.isabel.ParstagramTests;
				PRODUCT_NAME = "$(TARGET_NAME)";
				SWIFT_EMIT_LOC_STRINGS = NO;
				SWIFT_VERSION = 5.0;
				TARGETED_DEVICE_FAMILY = "1,2";
				TEST_HOST = "$(BUILT_PRODUCTS_DIR)/Parstagram.app/Parstagram";
			};
			name = Release;
		};
		F15D2E0127EEA4FD008D4D53 /* Debug */ = {
			isa = XCBuildConfiguration;
			baseConfigurationReference = F538C109C576395191FDE065 /* Pods-Parstagram-ParstagramUITests.debug.xcconfig */;
			buildSettings = {
				ALWAYS_EMBED_SWIFT_STANDARD_LIBRARIES = YES;
				CODE_SIGN_STYLE = Automatic;
				CURRENT_PROJECT_VERSION = 1;
				DEVELOPMENT_TEAM = BV64CLFXG5;
				GENERATE_INFOPLIST_FILE = YES;
				MARKETING_VERSION = 1.0;
				PRODUCT_BUNDLE_IDENTIFIER = com.isabel.ParstagramUITests;
				PRODUCT_NAME = "$(TARGET_NAME)";
				SWIFT_EMIT_LOC_STRINGS = NO;
				SWIFT_VERSION = 5.0;
				TARGETED_DEVICE_FAMILY = "1,2";
				TEST_TARGET_NAME = Parstagram;
			};
			name = Debug;
		};
		F15D2E0227EEA4FD008D4D53 /* Release */ = {
			isa = XCBuildConfiguration;
			baseConfigurationReference = 416C05394D4C1F1EE289F9AA /* Pods-Parstagram-ParstagramUITests.release.xcconfig */;
			buildSettings = {
				ALWAYS_EMBED_SWIFT_STANDARD_LIBRARIES = YES;
				CODE_SIGN_STYLE = Automatic;
				CURRENT_PROJECT_VERSION = 1;
				DEVELOPMENT_TEAM = BV64CLFXG5;
				GENERATE_INFOPLIST_FILE = YES;
				MARKETING_VERSION = 1.0;
				PRODUCT_BUNDLE_IDENTIFIER = com.isabel.ParstagramUITests;
				PRODUCT_NAME = "$(TARGET_NAME)";
				SWIFT_EMIT_LOC_STRINGS = NO;
				SWIFT_VERSION = 5.0;
				TARGETED_DEVICE_FAMILY = "1,2";
				TEST_TARGET_NAME = Parstagram;
			};
			name = Release;
		};
/* End XCBuildConfiguration section */

/* Begin XCConfigurationList section */
		F15D2DCB27EEA4F6008D4D53 /* Build configuration list for PBXProject "Parstagram" */ = {
			isa = XCConfigurationList;
			buildConfigurations = (
				F15D2DF827EEA4FD008D4D53 /* Debug */,
				F15D2DF927EEA4FD008D4D53 /* Release */,
			);
			defaultConfigurationIsVisible = 0;
			defaultConfigurationName = Release;
		};
		F15D2DFA27EEA4FD008D4D53 /* Build configuration list for PBXNativeTarget "Parstagram" */ = {
			isa = XCConfigurationList;
			buildConfigurations = (
				F15D2DFB27EEA4FD008D4D53 /* Debug */,
				F15D2DFC27EEA4FD008D4D53 /* Release */,
			);
			defaultConfigurationIsVisible = 0;
			defaultConfigurationName = Release;
		};
		F15D2DFD27EEA4FD008D4D53 /* Build configuration list for PBXNativeTarget "ParstagramTests" */ = {
			isa = XCConfigurationList;
			buildConfigurations = (
				F15D2DFE27EEA4FD008D4D53 /* Debug */,
				F15D2DFF27EEA4FD008D4D53 /* Release */,
			);
			defaultConfigurationIsVisible = 0;
			defaultConfigurationName = Release;
		};
		F15D2E0027EEA4FD008D4D53 /* Build configuration list for PBXNativeTarget "ParstagramUITests" */ = {
			isa = XCConfigurationList;
			buildConfigurations = (
				F15D2E0127EEA4FD008D4D53 /* Debug */,
				F15D2E0227EEA4FD008D4D53 /* Release */,
			);
			defaultConfigurationIsVisible = 0;
			defaultConfigurationName = Release;
		};
/* End XCConfigurationList section */
	};
	rootObject = F15D2DC827EEA4F6008D4D53 /* Project object */;
}
